
Microsoft Visual Studio Solution File, Format Version 12.00
# Visual Studio Version 16
VisualStudioVersion = 16.0.31005.135
MinimumVisualStudioVersion = 10.0.40219.1
Project("{9A19103F-16F7-4668-BE54-9A1E7A4F7556}") = "CosmosDbClientSample.DocumentPersistence", "CosmosDbClientSample.DocumentPersistence\CosmosDbClientSample.DocumentPersistence.csproj", "{4624E65B-8563-42E2-BED0-D532B8C2AFB4}"
EndProject
Project("{9A19103F-16F7-4668-BE54-9A1E7A4F7556}") = "CosmosDbClientSample.DocumentPersistence.Tests", "CosmosDbClientSample.DocumentPersistence.Tests\CosmosDbClientSample.DocumentPersistence.Tests.csproj", "{871B6F24-9AD5-4B00-8349-00C74D417793}"
EndProject
Global
	GlobalSection(SolutionConfigurationPlatforms) = preSolution
		Debug|Any CPU = Debug|Any CPU
		Release|Any CPU = Release|Any CPU
	EndGlobalSection
	GlobalSection(ProjectConfigurationPlatforms) = postSolution
		{4624E65B-8563-42E2-BED0-D532B8C2AFB4}.Debug|Any CPU.ActiveCfg = Debug|Any CPU
		{4624E65B-8563-42E2-BED0-D532B8C2AFB4}.Debug|Any CPU.Build.0 = Debug|Any CPU
		{4624E65B-8563-42E2-BED0-D532B8C2AFB4}.Release|Any CPU.ActiveCfg = Release|Any CPU
		{4624E65B-8563-42E2-BED0-D532B8C2AFB4}.Release|Any CPU.Build.0 = Release|Any CPU
		{871B6F24-9AD5-4B00-8349-00C74D417793}.Debug|Any CPU.ActiveCfg = Debug|Any CPU
		{871B6F24-9AD5-4B00-8349-00C74D417793}.Debug|Any CPU.Build.0 = Debug|Any CPU
		{871B6F24-9AD5-4B00-8349-00C74D417793}.Release|Any CPU.ActiveCfg = Release|Any CPU
		{871B6F24-9AD5-4B00-8349-00C74D417793}.Release|Any CPU.Build.0 = Release|Any CPU
	EndGlobalSection
	GlobalSection(SolutionProperties) = preSolution
		HideSolutionNode = FALSE
	EndGlobalSection
	GlobalSection(ExtensibilityGlobals) = postSolution
		SolutionGuid = {1CC72E9A-A644-4E02-B255-2B77B769AB5B}
	EndGlobalSection
EndGlobal
